{
  "requires": true,
  "lockfileVersion": 1,
  "dependencies": {
    "perf_hooks": {
      "version": "0.0.1",
      "resolved": "https://registry.npmjs.org/perf_hooks/-/perf_hooks-0.0.1.tgz",
      "integrity": "sha512-qG/D9iA4KDme+KF4vCObJy6Bouu3BlQnmJ8jPydVPm32NJBD9ZK1ZNgXSYaZKHkVC1sKSqUiLgFvAZPUiIEnBw=="
    }
  }
}
